PODS:
  - Charts (3.6.0):
    - Charts/Core (= 3.6.0)
  - Charts/Core (3.6.0)
  - JWTDecode (3.0.0)
  - KeychainSwift (20.0.0)

DEPENDENCIES:
  - Charts (~> 3.6.0)
  - JWTDecode
  - KeychainSwift

SPEC REPOS:
  trunk:
    - Charts
    - JWTDecode
    - KeychainSwift

SPEC CHECKSUMS:
  Charts: b1e3a1f5a1c9ba5394438ca3b91bd8c9076310af
  JWTDecode: 82480a7173f8a811954e7e14a2b59f688ca4222a
  KeychainSwift: 0ce6a4d13f7228054d1a71bb1b500448fb2ab837

PODFILE CHECKSUM: b6f1cb2fc26402526ec72619d9695b05f2088923

COCOAPODS: 1.11.3
