// !$*UTF8*$!
{
	archiveVersion = 1;
	classes = {
	};
	objectVersion = 51;
	objects = {

/* Begin PBXBuildFile section */
		5E6F4A9F69355CA18B58C4A1 /* Pods_StockViewer.framework in Frameworks */ = {isa = PBXBuildFile; fileRef = 84BBA7925F41030169571E32 /* Pods_StockViewer.framework */; };
		8E0039C025D07F9500FB3A96 /* SizeClassView.swift in Sources */ = {isa = PBXBuildFile; fileRef = 8E0039BF25D07F9500FB3A96 /* SizeClassView.swift */; };
		8E003A3725D1E0AC00FB3A96 /* LoginView.swift in Sources */ = {isa = PBXBuildFile; fileRef = 8E003A3625D1E0AC00FB3A96 /* LoginView.swift */; };
		8E003A3C25D20B8B00FB3A96 /* RegisterView.swift in Sources */ = {isa = PBXBuildFile; fileRef = 8E003A3B25D20B8B00FB3A96 /* RegisterView.swift */; };
		8E003A4625D2191400FB3A96 /* SettingsManager.swift in Sources */ = {isa = PBXBuildFile; fileRef = 8E003A4525D2191400FB3A96 /* SettingsManager.swift */; };
		8E003A4925D219B400FB3A96 /* LocalDiskSaver.swift in Sources */ = {isa = PBXBuildFile; fileRef = 8E003A4825D219B400FB3A96 /* LocalDiskSaver.swift */; };
		8E003A4C25D21A0600FB3A96 /* Constants.swift in Sources */ = {isa = PBXBuildFile; fileRef = 8E003A4B25D21A0600FB3A96 /* Constants.swift */; };
		8E003A4F25D21FBC00FB3A96 /* User.swift in Sources */ = {isa = PBXBuildFile; fileRef = 8E003A4E25D21FBC00FB3A96 /* User.swift */; };
		8E003A5425D2205A00FB3A96 /* Auth.swift in Sources */ = {isa = PBXBuildFile; fileRef = 8E003A5325D2205A00FB3A96 /* Auth.swift */; };
		8E003A5825D2244600FB3A96 /* Api.swift in Sources */ = {isa = PBXBuildFile; fileRef = 8E003A5725D2244600FB3A96 /* Api.swift */; };
		8E003A6325D319D700FB3A96 /* HomeView.swift in Sources */ = {isa = PBXBuildFile; fileRef = 8E003A6225D319D700FB3A96 /* HomeView.swift */; };
		8E003A6625D342B100FB3A96 /* AuthUtils.swift in Sources */ = {isa = PBXBuildFile; fileRef = 8E003A6525D342B100FB3A96 /* AuthUtils.swift */; };
		8E003A6E25D38A2D00FB3A96 /* MenuView.swift in Sources */ = {isa = PBXBuildFile; fileRef = 8E003A6D25D38A2D00FB3A96 /* MenuView.swift */; };
		8E02D2BA25D8A13A001FE895 /* Holdings.swift in Sources */ = {isa = PBXBuildFile; fileRef = 8E02D2B925D8A13A001FE895 /* Holdings.swift */; };
		8E1629EF25E2F11000A206AF /* Media.swift in Sources */ = {isa = PBXBuildFile; fileRef = 8E1629EE25E2F11000A206AF /* Media.swift */; };
		8E31682625DBA077001B5ABD /* CustomPickerView.swift in Sources */ = {isa = PBXBuildFile; fileRef = 8E31682525DBA077001B5ABD /* CustomPickerView.swift */; };
		8E31682A25DCCDA3001B5ABD /* SegmentedPicker.swift in Sources */ = {isa = PBXBuildFile; fileRef = 8E31682925DCCDA3001B5ABD /* SegmentedPicker.swift */; };
		8E3D05E225E1A4AF00305FEA /* ImagePicker.swift in Sources */ = {isa = PBXBuildFile; fileRef = 8E3D05E125E1A4AF00305FEA /* ImagePicker.swift */; };
		8E8E8F5225D7272A00588BC1 /* EnterTradeView.swift in Sources */ = {isa = PBXBuildFile; fileRef = 8E8E8F5125D7272A00588BC1 /* EnterTradeView.swift */; };
		8E8E8F5525D750E300588BC1 /* AppState.swift in Sources */ = {isa = PBXBuildFile; fileRef = 8E8E8F5425D750E300588BC1 /* AppState.swift */; };
		8E8E8F5825D754D100588BC1 /* PreviewTrade.swift in Sources */ = {isa = PBXBuildFile; fileRef = 8E8E8F5725D754D100588BC1 /* PreviewTrade.swift */; };
		8E8E8F6525D85D6C00588BC1 /* ProfileView.swift in Sources */ = {isa = PBXBuildFile; fileRef = 8E8E8F6425D85D6C00588BC1 /* ProfileView.swift */; };
		8E8E8F6825D8682800588BC1 /* SettingsView.swift in Sources */ = {isa = PBXBuildFile; fileRef = 8E8E8F6725D8682800588BC1 /* SettingsView.swift */; };
		8EBF45F925D9AAEB004269ED /* CustomTextField.swift in Sources */ = {isa = PBXBuildFile; fileRef = 8EBF45F825D9AAEB004269ED /* CustomTextField.swift */; };
		8EBF45FC25D9C661004269ED /* Quote.swift in Sources */ = {isa = PBXBuildFile; fileRef = 8EBF45FB25D9C661004269ED /* Quote.swift */; };
		8EBF45FF25DA388F004269ED /* KeyboardHeightHelper.swift in Sources */ = {isa = PBXBuildFile; fileRef = 8EBF45FE25DA388F004269ED /* KeyboardHeightHelper.swift */; };
		8EBF460825DA4BC2004269ED /* ScrollToModel.swift in Sources */ = {isa = PBXBuildFile; fileRef = 8EBF460725DA4BC2004269ED /* ScrollToModel.swift */; };
		8EBF461A25DB4418004269ED /* EditCashView.swift in Sources */ = {isa = PBXBuildFile; fileRef = 8EBF461925DB4418004269ED /* EditCashView.swift */; };
		8EDA214525CD060500194772 /* StockViewerApp.swift in Sources */ = {isa = PBXBuildFile; fileRef = 8EDA214425CD060500194772 /* StockViewerApp.swift */; };
		8EDA214725CD060500194772 /* ContentView.swift in Sources */ = {isa = PBXBuildFile; fileRef = 8EDA214625CD060500194772 /* ContentView.swift */; };
		8EDA214925CD060600194772 /* Assets.xcassets in Resources */ = {isa = PBXBuildFile; fileRef = 8EDA214825CD060600194772 /* Assets.xcassets */; };
		8EDA214C25CD060600194772 /* Preview Assets.xcassets in Resources */ = {isa = PBXBuildFile; fileRef = 8EDA214B25CD060600194772 /* Preview Assets.xcassets */; };
		8EDA215625CD062E00194772 /* Account.swift in Sources */ = {isa = PBXBuildFile; fileRef = 8EDA215525CD062E00194772 /* Account.swift */; };
		8EDA215A25CD064F00194772 /* Stock.swift in Sources */ = {isa = PBXBuildFile; fileRef = 8EDA215925CD064F00194772 /* Stock.swift */; };
		8EDA215D25CD067800194772 /* Portfolio.swift in Sources */ = {isa = PBXBuildFile; fileRef = 8EDA215C25CD067800194772 /* Portfolio.swift */; };
		8EDA216025CD069B00194772 /* Summary.swift in Sources */ = {isa = PBXBuildFile; fileRef = 8EDA215F25CD069B00194772 /* Summary.swift */; };
		8EDA216325CD06C200194772 /* StockGains.swift in Sources */ = {isa = PBXBuildFile; fileRef = 8EDA216225CD06C200194772 /* StockGains.swift */; };
		8EDA216725CD070600194772 /* PortfolioSummary.swift in Sources */ = {isa = PBXBuildFile; fileRef = 8EDA216625CD070600194772 /* PortfolioSummary.swift */; };
		8EDA216B25CD1AE000194772 /* SummaryView.swift in Sources */ = {isa = PBXBuildFile; fileRef = 8EDA216A25CD1AE000194772 /* SummaryView.swift */; };
		8EDA216F25CD1BC000194772 /* AccountView.swift in Sources */ = {isa = PBXBuildFile; fileRef = 8EDA216E25CD1BC000194772 /* AccountView.swift */; };
		8EDA217325CE0B4100194772 /* StockGainsView.swift in Sources */ = {isa = PBXBuildFile; fileRef = 8EDA217225CE0B4100194772 /* StockGainsView.swift */; };
		8EDA217725CE0BD200194772 /* Utils.swift in Sources */ = {isa = PBXBuildFile; fileRef = 8EDA217625CE0BD200194772 /* Utils.swift */; };
		8EDA217C25CE3DAF00194772 /* data.json in Resources */ = {isa = PBXBuildFile; fileRef = 8EDA217B25CE3DAE00194772 /* data.json */; };
		8EDA217F25CF362B00194772 /* TopMoversView.swift in Sources */ = {isa = PBXBuildFile; fileRef = 8EDA217E25CF362B00194772 /* TopMoversView.swift */; };
		8EDA218225CF447F00194772 /* Extensions.swift in Sources */ = {isa = PBXBuildFile; fileRef = 8EDA218125CF447F00194772 /* Extensions.swift */; };
		8EDA218525CF483C00194772 /* ViewModifiers.swift in Sources */ = {isa = PBXBuildFile; fileRef = 8EDA218425CF483C00194772 /* ViewModifiers.swift */; };
		8EDA218825CF501A00194772 /* StockTableView.swift in Sources */ = {isa = PBXBuildFile; fileRef = 8EDA218725CF501A00194772 /* StockTableView.swift */; };
		8EDA218B25CF50BB00194772 /* Enums.swift in Sources */ = {isa = PBXBuildFile; fileRef = 8EDA218A25CF50BB00194772 /* Enums.swift */; };
		8EDA218E25CF65D300194772 /* StockTableRow.swift in Sources */ = {isa = PBXBuildFile; fileRef = 8EDA218D25CF65D300194772 /* StockTableRow.swift */; };
/* End PBXBuildFile section */

/* Begin PBXFileReference section */
		4E9C0EDC3D1F530359233825 /* Pods-StockViewer.release.xcconfig */ = {isa = PBXFileReference; includeInIndex = 1; lastKnownFileType = text.xcconfig; name = "Pods-StockViewer.release.xcconfig"; path = "Target Support Files/Pods-StockViewer/Pods-StockViewer.release.xcconfig"; sourceTree = "<group>"; };
		84BBA7925F41030169571E32 /* Pods_StockViewer.framework */ = {isa = PBXFileReference; explicitFileType = wrapper.framework; includeInIndex = 0; path = Pods_StockViewer.framework; sourceTree = BUILT_PRODUCTS_DIR; };
		8E0039BF25D07F9500FB3A96 /* SizeClassView.swift */ = {isa = PBXFileReference; lastKnownFileType = sourcecode.swift; path = SizeClassView.swift; sourceTree = "<group>"; };
		8E003A3625D1E0AC00FB3A96 /* LoginView.swift */ = {isa = PBXFileReference; lastKnownFileType = sourcecode.swift; path = LoginView.swift; sourceTree = "<group>"; };
		8E003A3B25D20B8B00FB3A96 /* RegisterView.swift */ = {isa = PBXFileReference; fileEncoding = 4; lastKnownFileType = sourcecode.swift; path = RegisterView.swift; sourceTree = "<group>"; };
		8E003A4525D2191400FB3A96 /* SettingsManager.swift */ = {isa = PBXFileReference; fileEncoding = 4; lastKnownFileType = sourcecode.swift; path = SettingsManager.swift; sourceTree = "<group>"; };
		8E003A4825D219B400FB3A96 /* LocalDiskSaver.swift */ = {isa = PBXFileReference; fileEncoding = 4; lastKnownFileType = sourcecode.swift; path = LocalDiskSaver.swift; sourceTree = "<group>"; };
		8E003A4B25D21A0600FB3A96 /* Constants.swift */ = {isa = PBXFileReference; fileEncoding = 4; lastKnownFileType = sourcecode.swift; path = Constants.swift; sourceTree = "<group>"; };
		8E003A4E25D21FBC00FB3A96 /* User.swift */ = {isa = PBXFileReference; lastKnownFileType = sourcecode.swift; path = User.swift; sourceTree = "<group>"; };
		8E003A5325D2205A00FB3A96 /* Auth.swift */ = {isa = PBXFileReference; lastKnownFileType = sourcecode.swift; path = Auth.swift; sourceTree = "<group>"; };
		8E003A5725D2244600FB3A96 /* Api.swift */ = {isa = PBXFileReference; lastKnownFileType = sourcecode.swift; path = Api.swift; sourceTree = "<group>"; };
		8E003A6225D319D700FB3A96 /* HomeView.swift */ = {isa = PBXFileReference; lastKnownFileType = sourcecode.swift; path = HomeView.swift; sourceTree = "<group>"; };
		8E003A6525D342B100FB3A96 /* AuthUtils.swift */ = {isa = PBXFileReference; lastKnownFileType = sourcecode.swift; path = AuthUtils.swift; sourceTree = "<group>"; };
		8E003A6D25D38A2D00FB3A96 /* MenuView.swift */ = {isa = PBXFileReference; lastKnownFileType = sourcecode.swift; path = MenuView.swift; sourceTree = "<group>"; };
		8E02D2B925D8A13A001FE895 /* Holdings.swift */ = {isa = PBXFileReference; lastKnownFileType = sourcecode.swift; path = Holdings.swift; sourceTree = "<group>"; };
		8E1629EE25E2F11000A206AF /* Media.swift */ = {isa = PBXFileReference; lastKnownFileType = sourcecode.swift; path = Media.swift; sourceTree = "<group>"; };
		8E31682525DBA077001B5ABD /* CustomPickerView.swift */ = {isa = PBXFileReference; fileEncoding = 4; lastKnownFileType = sourcecode.swift; path = CustomPickerView.swift; sourceTree = "<group>"; };
		8E31682925DCCDA3001B5ABD /* SegmentedPicker.swift */ = {isa = PBXFileReference; fileEncoding = 4; lastKnownFileType = sourcecode.swift; path = SegmentedPicker.swift; sourceTree = "<group>"; };
		8E3D05E125E1A4AF00305FEA /* ImagePicker.swift */ = {isa = PBXFileReference; lastKnownFileType = sourcecode.swift; path = ImagePicker.swift; sourceTree = "<group>"; };
		8E8E8F5125D7272A00588BC1 /* EnterTradeView.swift */ = {isa = PBXFileReference; fileEncoding = 4; lastKnownFileType = sourcecode.swift; path = EnterTradeView.swift; sourceTree = "<group>"; };
		8E8E8F5425D750E300588BC1 /* AppState.swift */ = {isa = PBXFileReference; lastKnownFileType = sourcecode.swift; path = AppState.swift; sourceTree = "<group>"; };
		8E8E8F5725D754D100588BC1 /* PreviewTrade.swift */ = {isa = PBXFileReference; lastKnownFileType = sourcecode.swift; path = PreviewTrade.swift; sourceTree = "<group>"; };
		8E8E8F6425D85D6C00588BC1 /* ProfileView.swift */ = {isa = PBXFileReference; fileEncoding = 4; lastKnownFileType = sourcecode.swift; path = ProfileView.swift; sourceTree = "<group>"; };
		8E8E8F6725D8682800588BC1 /* SettingsView.swift */ = {isa = PBXFileReference; fileEncoding = 4; lastKnownFileType = sourcecode.swift; path = SettingsView.swift; sourceTree = "<group>"; };
		8EBF45F825D9AAEB004269ED /* CustomTextField.swift */ = {isa = PBXFileReference; lastKnownFileType = sourcecode.swift; path = CustomTextField.swift; sourceTree = "<group>"; };
		8EBF45FB25D9C661004269ED /* Quote.swift */ = {isa = PBXFileReference; lastKnownFileType = sourcecode.swift; path = Quote.swift; sourceTree = "<group>"; };
		8EBF45FE25DA388F004269ED /* KeyboardHeightHelper.swift */ = {isa = PBXFileReference; lastKnownFileType = sourcecode.swift; path = KeyboardHeightHelper.swift; sourceTree = "<group>"; };
		8EBF460725DA4BC2004269ED /* ScrollToModel.swift */ = {isa = PBXFileReference; lastKnownFileType = sourcecode.swift; path = ScrollToModel.swift; sourceTree = "<group>"; };
		8EBF461925DB4418004269ED /* EditCashView.swift */ = {isa = PBXFileReference; lastKnownFileType = sourcecode.swift; path = EditCashView.swift; sourceTree = "<group>"; };
		8EDA214125CD060500194772 /* StockViewer.app */ = {isa = PBXFileReference; explicitFileType = wrapper.application; includeInIndex = 0; path = StockViewer.app; sourceTree = BUILT_PRODUCTS_DIR; };
		8EDA214425CD060500194772 /* StockViewerApp.swift */ = {isa = PBXFileReference; lastKnownFileType = sourcecode.swift; path = StockViewerApp.swift; sourceTree = "<group>"; };
		8EDA214625CD060500194772 /* ContentView.swift */ = {isa = PBXFileReference; lastKnownFileType = sourcecode.swift; path = ContentView.swift; sourceTree = "<group>"; };
		8EDA214825CD060600194772 /* Assets.xcassets */ = {isa = PBXFileReference; lastKnownFileType = folder.assetcatalog; path = Assets.xcassets; sourceTree = "<group>"; };
		8EDA214B25CD060600194772 /* Preview Assets.xcassets */ = {isa = PBXFileReference; lastKnownFileType = folder.assetcatalog; path = "Preview Assets.xcassets"; sourceTree = "<group>"; };
		8EDA214D25CD060600194772 /* Info.plist */ = {isa = PBXFileReference; lastKnownFileType = text.plist.xml; path = Info.plist; sourceTree = "<group>"; };
		8EDA215525CD062E00194772 /* Account.swift */ = {isa = PBXFileReference; lastKnownFileType = sourcecode.swift; path = Account.swift; sourceTree = "<group>"; };
		8EDA215925CD064F00194772 /* Stock.swift */ = {isa = PBXFileReference; lastKnownFileType = sourcecode.swift; path = Stock.swift; sourceTree = "<group>"; };
		8EDA215C25CD067800194772 /* Portfolio.swift */ = {isa = PBXFileReference; lastKnownFileType = sourcecode.swift; path = Portfolio.swift; sourceTree = "<group>"; };
		8EDA215F25CD069B00194772 /* Summary.swift */ = {isa = PBXFileReference; lastKnownFileType = sourcecode.swift; path = Summary.swift; sourceTree = "<group>"; };
		8EDA216225CD06C200194772 /* StockGains.swift */ = {isa = PBXFileReference; lastKnownFileType = sourcecode.swift; path = StockGains.swift; sourceTree = "<group>"; };
		8EDA216625CD070600194772 /* PortfolioSummary.swift */ = {isa = PBXFileReference; lastKnownFileType = sourcecode.swift; path = PortfolioSummary.swift; sourceTree = "<group>"; };
		8EDA216A25CD1AE000194772 /* SummaryView.swift */ = {isa = PBXFileReference; lastKnownFileType = sourcecode.swift; path = SummaryView.swift; sourceTree = "<group>"; };
		8EDA216E25CD1BC000194772 /* AccountView.swift */ = {isa = PBXFileReference; lastKnownFileType = sourcecode.swift; path = AccountView.swift; sourceTree = "<group>"; };
		8EDA217225CE0B4100194772 /* StockGainsView.swift */ = {isa = PBXFileReference; lastKnownFileType = sourcecode.swift; path = StockGainsView.swift; sourceTree = "<group>"; };
		8EDA217625CE0BD200194772 /* Utils.swift */ = {isa = PBXFileReference; lastKnownFileType = sourcecode.swift; path = Utils.swift; sourceTree = "<group>"; };
		8EDA217B25CE3DAE00194772 /* data.json */ = {isa = PBXFileReference; fileEncoding = 4; lastKnownFileType = text.json; path = data.json; sourceTree = "<group>"; };
		8EDA217E25CF362B00194772 /* TopMoversView.swift */ = {isa = PBXFileReference; lastKnownFileType = sourcecode.swift; path = TopMoversView.swift; sourceTree = "<group>"; };
		8EDA218125CF447F00194772 /* Extensions.swift */ = {isa = PBXFileReference; lastKnownFileType = sourcecode.swift; path = Extensions.swift; sourceTree = "<group>"; };
		8EDA218425CF483C00194772 /* ViewModifiers.swift */ = {isa = PBXFileReference; lastKnownFileType = sourcecode.swift; path = ViewModifiers.swift; sourceTree = "<group>"; };
		8EDA218725CF501A00194772 /* StockTableView.swift */ = {isa = PBXFileReference; lastKnownFileType = sourcecode.swift; path = StockTableView.swift; sourceTree = "<group>"; };
		8EDA218A25CF50BB00194772 /* Enums.swift */ = {isa = PBXFileReference; lastKnownFileType = sourcecode.swift; path = Enums.swift; sourceTree = "<group>"; };
		8EDA218D25CF65D300194772 /* StockTableRow.swift */ = {isa = PBXFileReference; lastKnownFileType = sourcecode.swift; path = StockTableRow.swift; sourceTree = "<group>"; };
		DACE2673DFD3405F86CF0F16 /* Pods-StockViewer.debug.xcconfig */ = {isa = PBXFileReference; includeInIndex = 1; lastKnownFileType = text.xcconfig; name = "Pods-StockViewer.debug.xcconfig"; path = "Target Support Files/Pods-StockViewer/Pods-StockViewer.debug.xcconfig"; sourceTree = "<group>"; };
/* End PBXFileReference section */

/* Begin PBXFrameworksBuildPhase section */
		8EDA213E25CD060500194772 /* Frameworks */ = {
			isa = PBXFrameworksBuildPhase;
			buildActionMask = 2147483647;
			files = (
				5E6F4A9F69355CA18B58C4A1 /* Pods_StockViewer.framework in Frameworks */,
			);
			runOnlyForDeploymentPostprocessing = 0;
		};
/* End PBXFrameworksBuildPhase section */

/* Begin PBXGroup section */
		59A5D7E975758785B93EDBEA /* Pods */ = {
			isa = PBXGroup;
			children = (
				DACE2673DFD3405F86CF0F16 /* Pods-StockViewer.debug.xcconfig */,
				4E9C0EDC3D1F530359233825 /* Pods-StockViewer.release.xcconfig */,
			);
			path = Pods;
			sourceTree = "<group>";
		};
		8E003A4425D218C600FB3A96 /* Managers */ = {
			isa = PBXGroup;
			children = (
				8E003A4525D2191400FB3A96 /* SettingsManager.swift */,
			);
			path = Managers;
			sourceTree = "<group>";
		};
		8E003A5625D2242900FB3A96 /* Api */ = {
			isa = PBXGroup;
			children = (
				8E003A5725D2244600FB3A96 /* Api.swift */,
			);
			path = Api;
			sourceTree = "<group>";
		};
		8EDA213825CD060500194772 = {
			isa = PBXGroup;
			children = (
				8EDA214325CD060500194772 /* StockViewer */,
				8EDA214225CD060500194772 /* Products */,
				59A5D7E975758785B93EDBEA /* Pods */,
				F9DA0F74B41D6B1459DD40AF /* Frameworks */,
			);
			sourceTree = "<group>";
		};
		8EDA214225CD060500194772 /* Products */ = {
			isa = PBXGroup;
			children = (
				8EDA214125CD060500194772 /* StockViewer.app */,
			);
			name = Products;
			sourceTree = "<group>";
		};
		8EDA214325CD060500194772 /* StockViewer */ = {
			isa = PBXGroup;
			children = (
				8E003A5625D2242900FB3A96 /* Api */,
				8E003A4425D218C600FB3A96 /* Managers */,
				8EDA217525CE0BBF00194772 /* Utils */,
				8EDA216525CD06E500194772 /* Views */,
				8EDA215425CD061300194772 /* Models */,
				8EDA214425CD060500194772 /* StockViewerApp.swift */,
				8EDA214625CD060500194772 /* ContentView.swift */,
				8EDA214825CD060600194772 /* Assets.xcassets */,
				8EDA217B25CE3DAE00194772 /* data.json */,
				8EDA214D25CD060600194772 /* Info.plist */,
				8EDA214A25CD060600194772 /* Preview Content */,
			);
			path = StockViewer;
			sourceTree = "<group>";
		};
		8EDA214A25CD060600194772 /* Preview Content */ = {
			isa = PBXGroup;
			children = (
				8EDA214B25CD060600194772 /* Preview Assets.xcassets */,
			);
			path = "Preview Content";
			sourceTree = "<group>";
		};
		8EDA215425CD061300194772 /* Models */ = {
			isa = PBXGroup;
			children = (
				8EDA215525CD062E00194772 /* Account.swift */,
				8EDA215925CD064F00194772 /* Stock.swift */,
				8EDA215C25CD067800194772 /* Portfolio.swift */,
				8EDA215F25CD069B00194772 /* Summary.swift */,
				8EDA216225CD06C200194772 /* StockGains.swift */,
				8E003A4E25D21FBC00FB3A96 /* User.swift */,
				8E003A5325D2205A00FB3A96 /* Auth.swift */,
				8E8E8F5425D750E300588BC1 /* AppState.swift */,
				8E02D2B925D8A13A001FE895 /* Holdings.swift */,
				8EBF45FB25D9C661004269ED /* Quote.swift */,
				8EBF460725DA4BC2004269ED /* ScrollToModel.swift */,
				8E1629EE25E2F11000A206AF /* Media.swift */,
			);
			path = Models;
			sourceTree = "<group>";
		};
		8EDA216525CD06E500194772 /* Views */ = {
			isa = PBXGroup;
			children = (
				8EDA216E25CD1BC000194772 /* AccountView.swift */,
				8E31682525DBA077001B5ABD /* CustomPickerView.swift */,
				8EBF45F825D9AAEB004269ED /* CustomTextField.swift */,
				8EBF461925DB4418004269ED /* EditCashView.swift */,
				8E8E8F5125D7272A00588BC1 /* EnterTradeView.swift */,
				8E003A6225D319D700FB3A96 /* HomeView.swift */,
				8E003A3625D1E0AC00FB3A96 /* LoginView.swift */,
				8E003A6D25D38A2D00FB3A96 /* MenuView.swift */,
				8EDA216625CD070600194772 /* PortfolioSummary.swift */,
				8E8E8F5725D754D100588BC1 /* PreviewTrade.swift */,
				8E8E8F6425D85D6C00588BC1 /* ProfileView.swift */,
				8E003A3B25D20B8B00FB3A96 /* RegisterView.swift */,
				8E31682925DCCDA3001B5ABD /* SegmentedPicker.swift */,
				8E8E8F6725D8682800588BC1 /* SettingsView.swift */,
				8E0039BF25D07F9500FB3A96 /* SizeClassView.swift */,
				8EDA217225CE0B4100194772 /* StockGainsView.swift */,
				8EDA218D25CF65D300194772 /* StockTableRow.swift */,
				8EDA218725CF501A00194772 /* StockTableView.swift */,
				8EDA216A25CD1AE000194772 /* SummaryView.swift */,
				8EDA217E25CF362B00194772 /* TopMoversView.swift */,
				8E3D05E125E1A4AF00305FEA /* ImagePicker.swift */,
			);
			path = Views;
			sourceTree = "<group>";
		};
		8EDA217525CE0BBF00194772 /* Utils */ = {
			isa = PBXGroup;
			children = (
				8E003A4825D219B400FB3A96 /* LocalDiskSaver.swift */,
				8EDA217625CE0BD200194772 /* Utils.swift */,
				8E003A4B25D21A0600FB3A96 /* Constants.swift */,
				8EDA218125CF447F00194772 /* Extensions.swift */,
				8EDA218425CF483C00194772 /* ViewModifiers.swift */,
				8EDA218A25CF50BB00194772 /* Enums.swift */,
				8E003A6525D342B100FB3A96 /* AuthUtils.swift */,
				8EBF45FE25DA388F004269ED /* KeyboardHeightHelper.swift */,
			);
			path = Utils;
			sourceTree = "<group>";
		};
		F9DA0F74B41D6B1459DD40AF /* Frameworks */ = {
			isa = PBXGroup;
			children = (
				84BBA7925F41030169571E32 /* Pods_StockViewer.framework */,
			);
			name = Frameworks;
			sourceTree = "<group>";
		};
/* End PBXGroup section */

/* Begin PBXNativeTarget section */
		8EDA214025CD060500194772 /* StockViewer */ = {
			isa = PBXNativeTarget;
			buildConfigurationList = 8EDA215025CD060600194772 /* Build configuration list for PBXNativeTarget "StockViewer" */;
			buildPhases = (
				4F7C0A584820F954F7085E76 /* [CP] Check Pods Manifest.lock */,
				8EDA213D25CD060500194772 /* Sources */,
				8EDA213E25CD060500194772 /* Frameworks */,
				8EDA213F25CD060500194772 /* Resources */,
				E771E21D4F9BAA25C3CF278C /* [CP] Embed Pods Frameworks */,
			);
			buildRules = (
			);
			dependencies = (
			);
			name = StockViewer;
			productName = StockViewer;
			productReference = 8EDA214125CD060500194772 /* StockViewer.app */;
			productType = "com.apple.product-type.application";
		};
/* End PBXNativeTarget section */

/* Begin PBXProject section */
		8EDA213925CD060500194772 /* Project object */ = {
			isa = PBXProject;
			attributes = {
				LastSwiftUpdateCheck = 1240;
				LastUpgradeCheck = 1240;
				TargetAttributes = {
					8EDA214025CD060500194772 = {
						CreatedOnToolsVersion = 12.4;
					};
				};
			};
			buildConfigurationList = 8EDA213C25CD060500194772 /* Build configuration list for PBXProject "StockViewer" */;
			compatibilityVersion = "Xcode 9.3";
			developmentRegion = en;
			hasScannedForEncodings = 0;
			knownRegions = (
				en,
				Base,
			);
			mainGroup = 8EDA213825CD060500194772;
			productRefGroup = 8EDA214225CD060500194772 /* Products */;
			projectDirPath = "";
			projectRoot = "";
			targets = (
				8EDA214025CD060500194772 /* StockViewer */,
			);
		};
/* End PBXProject section */

/* Begin PBXResourcesBuildPhase section */
		8EDA213F25CD060500194772 /* Resources */ = {
			isa = PBXResourcesBuildPhase;
			buildActionMask = 2147483647;
			files = (
				8EDA214C25CD060600194772 /* Preview Assets.xcassets in Resources */,
				8EDA217C25CE3DAF00194772 /* data.json in Resources */,
				8EDA214925CD060600194772 /* Assets.xcassets in Resources */,
			);
			runOnlyForDeploymentPostprocessing = 0;
		};
/* End PBXResourcesBuildPhase section */

/* Begin PBXShellScriptBuildPhase section */
		4F7C0A584820F954F7085E76 /* [CP] Check Pods Manifest.lock */ = {
			isa = PBXShellScriptBuildPhase;
			buildActionMask = 2147483647;
			files = (
			);
			inputFileListPaths = (
			);
			inputPaths = (
				"${PODS_PODFILE_DIR_PATH}/Podfile.lock",
				"${PODS_ROOT}/Manifest.lock",
			);
			name = "[CP] Check Pods Manifest.lock";
			outputFileListPaths = (
			);
			outputPaths = (
				"$(DERIVED_FILE_DIR)/Pods-StockViewer-checkManifestLockResult.txt",
			);
			runOnlyForDeploymentPostprocessing = 0;
			shellPath = /bin/sh;
			shellScript = "diff \"${PODS_PODFILE_DIR_PATH}/Podfile.lock\" \"${PODS_ROOT}/Manifest.lock\" > /dev/null\nif [ $? != 0 ] ; then\n    # print error to STDERR\n    echo \"error: The sandbox is not in sync with the Podfile.lock. Run 'pod install' or update your CocoaPods installation.\" >&2\n    exit 1\nfi\n# This output is used by Xcode 'outputs' to avoid re-running this script phase.\necho \"SUCCESS\" > \"${SCRIPT_OUTPUT_FILE_0}\"\n";
			showEnvVarsInLog = 0;
		};
		E771E21D4F9BAA25C3CF278C /* [CP] Embed Pods Frameworks */ = {
			isa = PBXShellScriptBuildPhase;
			buildActionMask = 2147483647;
			files = (
			);
			inputFileListPaths = (
				"${PODS_ROOT}/Target Support Files/Pods-StockViewer/Pods-StockViewer-frameworks-${CONFIGURATION}-input-files.xcfilelist",
			);
			name = "[CP] Embed Pods Frameworks";
			outputFileListPaths = (
				"${PODS_ROOT}/Target Support Files/Pods-StockViewer/Pods-StockViewer-frameworks-${CONFIGURATION}-output-files.xcfilelist",
			);
			runOnlyForDeploymentPostprocessing = 0;
			shellPath = /bin/sh;
			shellScript = "\"${PODS_ROOT}/Target Support Files/Pods-StockViewer/Pods-StockViewer-frameworks.sh\"\n";
			showEnvVarsInLog = 0;
		};
/* End PBXShellScriptBuildPhase section */

/* Begin PBXSourcesBuildPhase section */
		8EDA213D25CD060500194772 /* Sources */ = {
			isa = PBXSourcesBuildPhase;
			buildActionMask = 2147483647;
			files = (
				8EBF461A25DB4418004269ED /* EditCashView.swift in Sources */,
				8EBF45FF25DA388F004269ED /* KeyboardHeightHelper.swift in Sources */,
				8E8E8F6825D8682800588BC1 /* SettingsView.swift in Sources */,
				8E31682625DBA077001B5ABD /* CustomPickerView.swift in Sources */,
				8EDA218525CF483C00194772 /* ViewModifiers.swift in Sources */,
				8E003A6625D342B100FB3A96 /* AuthUtils.swift in Sources */,
				8E003A4925D219B400FB3A96 /* LocalDiskSaver.swift in Sources */,
				8EDA217F25CF362B00194772 /* TopMoversView.swift in Sources */,
				8E02D2BA25D8A13A001FE895 /* Holdings.swift in Sources */,
				8E003A4F25D21FBC00FB3A96 /* User.swift in Sources */,
				8EBF45F925D9AAEB004269ED /* CustomTextField.swift in Sources */,
				8EDA214725CD060500194772 /* ContentView.swift in Sources */,
				8E003A3C25D20B8B00FB3A96 /* RegisterView.swift in Sources */,
				8EBF460825DA4BC2004269ED /* ScrollToModel.swift in Sources */,
				8E1629EF25E2F11000A206AF /* Media.swift in Sources */,
				8EDA214525CD060500194772 /* StockViewerApp.swift in Sources */,
				8E0039C025D07F9500FB3A96 /* SizeClassView.swift in Sources */,
				8EDA215A25CD064F00194772 /* Stock.swift in Sources */,
				8E003A5825D2244600FB3A96 /* Api.swift in Sources */,
				8E8E8F5525D750E300588BC1 /* AppState.swift in Sources */,
				8EDA218B25CF50BB00194772 /* Enums.swift in Sources */,
				8E003A6325D319D700FB3A96 /* HomeView.swift in Sources */,
				8EDA216325CD06C200194772 /* StockGains.swift in Sources */,
				8EDA218825CF501A00194772 /* StockTableView.swift in Sources */,
				8EDA216F25CD1BC000194772 /* AccountView.swift in Sources */,
				8E8E8F5225D7272A00588BC1 /* EnterTradeView.swift in Sources */,
				8E003A5425D2205A00FB3A96 /* Auth.swift in Sources */,
				8EDA215625CD062E00194772 /* Account.swift in Sources */,
				8EDA216725CD070600194772 /* PortfolioSummary.swift in Sources */,
				8EDA216025CD069B00194772 /* Summary.swift in Sources */,
				8E3D05E225E1A4AF00305FEA /* ImagePicker.swift in Sources */,
				8E31682A25DCCDA3001B5ABD /* SegmentedPicker.swift in Sources */,
				8EDA218E25CF65D300194772 /* StockTableRow.swift in Sources */,
				8EDA217325CE0B4100194772 /* StockGainsView.swift in Sources */,
				8EDA215D25CD067800194772 /* Portfolio.swift in Sources */,
				8EDA216B25CD1AE000194772 /* SummaryView.swift in Sources */,
				8E8E8F6525D85D6C00588BC1 /* ProfileView.swift in Sources */,
				8EBF45FC25D9C661004269ED /* Quote.swift in Sources */,
				8EDA217725CE0BD200194772 /* Utils.swift in Sources */,
				8E003A3725D1E0AC00FB3A96 /* LoginView.swift in Sources */,
				8E003A4625D2191400FB3A96 /* SettingsManager.swift in Sources */,
				8EDA218225CF447F00194772 /* Extensions.swift in Sources */,
				8E003A4C25D21A0600FB3A96 /* Constants.swift in Sources */,
				8E8E8F5825D754D100588BC1 /* PreviewTrade.swift in Sources */,
				8E003A6E25D38A2D00FB3A96 /* MenuView.swift in Sources */,
			);
			runOnlyForDeploymentPostprocessing = 0;
		};
/* End PBXSourcesBuildPhase section */

/* Begin XCBuildConfiguration section */
		8EDA214E25CD060600194772 /* Debug */ = {
			isa = XCBuildConfiguration;
			buildSettings = {
				ALWAYS_SEARCH_USER_PATHS = NO;
				CLANG_ANALYZER_NONNULL = YES;
				CLANG_ANALYZER_NUMBER_OBJECT_CONVERSION = YES_AGGRESSIVE;
				CLANG_CXX_LANGUAGE_STANDARD = "gnu++14";
				CLANG_CXX_LIBRARY = "libc++";
				CLANG_ENABLE_MODULES = YES;
				CLANG_ENABLE_OBJC_ARC = YES;
				CLANG_ENABLE_OBJC_WEAK = YES;
				CLANG_WARN_BLOCK_CAPTURE_AUTORELEASING = YES;
				CLANG_WARN_BOOL_CONVERSION = YES;
				CLANG_WARN_COMMA = YES;
				CLANG_WARN_CONSTANT_CONVERSION = YES;
				CLANG_WARN_DEPRECATED_OBJC_IMPLEMENTATIONS = YES;
				CLANG_WARN_DIRECT_OBJC_ISA_USAGE = YES_ERROR;
				CLANG_WARN_DOCUMENTATION_COMMENTS = YES;
				CLANG_WARN_EMPTY_BODY = YES;
				CLANG_WARN_ENUM_CONVERSION = YES;
				CLANG_WARN_INFINITE_RECURSION = YES;
				CLANG_WARN_INT_CONVERSION = YES;
				CLANG_WARN_NON_LITERAL_NULL_CONVERSION = YES;
				CLANG_WARN_OBJC_IMPLICIT_RETAIN_SELF = YES;
				CLANG_WARN_OBJC_LITERAL_CONVERSION = YES;
				CLANG_WARN_OBJC_ROOT_CLASS = YES_ERROR;
				CLANG_WARN_QUOTED_INCLUDE_IN_FRAMEWORK_HEADER = YES;
				CLANG_WARN_RANGE_LOOP_ANALYSIS = YES;
				CLANG_WARN_STRICT_PROTOTYPES = YES;
				CLANG_WARN_SUSPICIOUS_MOVE = YES;
				CLANG_WARN_UNGUARDED_AVAILABILITY = YES_AGGRESSIVE;
				CLANG_WARN_UNREACHABLE_CODE = YES;
				CLANG_WARN__DUPLICATE_METHOD_MATCH = YES;
				COPY_PHASE_STRIP = NO;
				DEBUG_INFORMATION_FORMAT = dwarf;
				ENABLE_STRICT_OBJC_MSGSEND = YES;
				ENABLE_TESTABILITY = YES;
				GCC_C_LANGUAGE_STANDARD = gnu11;
				GCC_DYNAMIC_NO_PIC = NO;
				GCC_NO_COMMON_BLOCKS = YES;
				GCC_OPTIMIZATION_LEVEL = 0;
				GCC_PREPROCESSOR_DEFINITIONS = (
					"DEBUG=1",
					"$(inherited)",
				);
				GCC_WARN_64_TO_32_BIT_CONVERSION = YES;
				GCC_WARN_ABOUT_RETURN_TYPE = YES_ERROR;
				GCC_WARN_UNDECLARED_SELECTOR = YES;
				GCC_WARN_UNINITIALIZED_AUTOS = YES_AGGRESSIVE;
				GCC_WARN_UNUSED_FUNCTION = YES;
				GCC_WARN_UNUSED_VARIABLE = YES;
				IPHONEOS_DEPLOYMENT_TARGET = 14.4;
				MTL_ENABLE_DEBUG_INFO = INCLUDE_SOURCE;
				MTL_FAST_MATH = YES;
				ONLY_ACTIVE_ARCH = YES;
				SDKROOT = iphoneos;
				SWIFT_ACTIVE_COMPILATION_CONDITIONS = DEBUG;
				SWIFT_OPTIMIZATION_LEVEL = "-Onone";
			};
			name = Debug;
		};
		8EDA214F25CD060600194772 /* Release */ = {
			isa = XCBuildConfiguration;
			buildSettings = {
				ALWAYS_SEARCH_USER_PATHS = NO;
				CLANG_ANALYZER_NONNULL = YES;
				CLANG_ANALYZER_NUMBER_OBJECT_CONVERSION = YES_AGGRESSIVE;
				CLANG_CXX_LANGUAGE_STANDARD = "gnu++14";
				CLANG_CXX_LIBRARY = "libc++";
				CLANG_ENABLE_MODULES = YES;
				CLANG_ENABLE_OBJC_ARC = YES;
				CLANG_ENABLE_OBJC_WEAK = YES;
				CLANG_WARN_BLOCK_CAPTURE_AUTORELEASING = YES;
				CLANG_WARN_BOOL_CONVERSION = YES;
				CLANG_WARN_COMMA = YES;
				CLANG_WARN_CONSTANT_CONVERSION = YES;
				CLANG_WARN_DEPRECATED_OBJC_IMPLEMENTATIONS = YES;
				CLANG_WARN_DIRECT_OBJC_ISA_USAGE = YES_ERROR;
				CLANG_WARN_DOCUMENTATION_COMMENTS = YES;
				CLANG_WARN_EMPTY_BODY = YES;
				CLANG_WARN_ENUM_CONVERSION = YES;
				CLANG_WARN_INFINITE_RECURSION = YES;
				CLANG_WARN_INT_CONVERSION = YES;
				CLANG_WARN_NON_LITERAL_NULL_CONVERSION = YES;
				CLANG_WARN_OBJC_IMPLICIT_RETAIN_SELF = YES;
				CLANG_WARN_OBJC_LITERAL_CONVERSION = YES;
				CLANG_WARN_OBJC_ROOT_CLASS = YES_ERROR;
				CLANG_WARN_QUOTED_INCLUDE_IN_FRAMEWORK_HEADER = YES;
				CLANG_WARN_RANGE_LOOP_ANALYSIS = YES;
				CLANG_WARN_STRICT_PROTOTYPES = YES;
				CLANG_WARN_SUSPICIOUS_MOVE = YES;
				CLANG_WARN_UNGUARDED_AVAILABILITY = YES_AGGRESSIVE;
				CLANG_WARN_UNREACHABLE_CODE = YES;
				CLANG_WARN__DUPLICATE_METHOD_MATCH = YES;
				COPY_PHASE_STRIP = NO;
				DEBUG_INFORMATION_FORMAT = "dwarf-with-dsym";
				ENABLE_NS_ASSERTIONS = NO;
				ENABLE_STRICT_OBJC_MSGSEND = YES;
				GCC_C_LANGUAGE_STANDARD = gnu11;
				GCC_NO_COMMON_BLOCKS = YES;
				GCC_WARN_64_TO_32_BIT_CONVERSION = YES;
				GCC_WARN_ABOUT_RETURN_TYPE = YES_ERROR;
				GCC_WARN_UNDECLARED_SELECTOR = YES;
				GCC_WARN_UNINITIALIZED_AUTOS = YES_AGGRESSIVE;
				GCC_WARN_UNUSED_FUNCTION = YES;
				GCC_WARN_UNUSED_VARIABLE = YES;
				IPHONEOS_DEPLOYMENT_TARGET = 14.4;
				MTL_ENABLE_DEBUG_INFO = NO;
				MTL_FAST_MATH = YES;
				SDKROOT = iphoneos;
				SWIFT_COMPILATION_MODE = wholemodule;
				SWIFT_OPTIMIZATION_LEVEL = "-O";
				VALIDATE_PRODUCT = YES;
			};
			name = Release;
		};
		8EDA215125CD060600194772 /* Debug */ = {
			isa = XCBuildConfiguration;
			baseConfigurationReference = DACE2673DFD3405F86CF0F16 /* Pods-StockViewer.debug.xcconfig */;
			buildSettings = {
				ASSETCATALOG_COMPILER_APPICON_NAME = AppIcon;
				ASSETCATALOG_COMPILER_GLOBAL_ACCENT_COLOR_NAME = AccentColor;
				CODE_SIGN_STYLE = Automatic;
				DEVELOPMENT_ASSET_PATHS = "\"StockViewer/Preview Content\"";
				DEVELOPMENT_TEAM = 96F242M6L9;
				ENABLE_PREVIEWS = YES;
				INFOPLIST_FILE = StockViewer/Info.plist;
				IPHONEOS_DEPLOYMENT_TARGET = 14.0;
				LD_RUNPATH_SEARCH_PATHS = (
					"$(inherited)",
					"@executable_path/Frameworks",
				);
				PRODUCT_BUNDLE_IDENTIFIER = jimlong.ca.StockViewer;
				PRODUCT_NAME = "$(TARGET_NAME)";
				SWIFT_VERSION = 5.0;
				TARGETED_DEVICE_FAMILY = "1,2";
			};
			name = Debug;
		};
		8EDA215225CD060600194772 /* Release */ = {
			isa = XCBuildConfiguration;
			baseConfigurationReference = 4E9C0EDC3D1F530359233825 /* Pods-StockViewer.release.xcconfig */;
			buildSettings = {
				ASSETCATALOG_COMPILER_APPICON_NAME = AppIcon;
				ASSETCATALOG_COMPILER_GLOBAL_ACCENT_COLOR_NAME = AccentColor;
				CODE_SIGN_STYLE = Automatic;
				DEVELOPMENT_ASSET_PATHS = "\"StockViewer/Preview Content\"";
				DEVELOPMENT_TEAM = 96F242M6L9;
				ENABLE_PREVIEWS = YES;
				INFOPLIST_FILE = StockViewer/Info.plist;
				IPHONEOS_DEPLOYMENT_TARGET = 14.0;
				LD_RUNPATH_SEARCH_PATHS = (
					"$(inherited)",
					"@executable_path/Frameworks",
				);
				PRODUCT_BUNDLE_IDENTIFIER = jimlong.ca.StockViewer;
				PRODUCT_NAME = "$(TARGET_NAME)";
				SWIFT_VERSION = 5.0;
				TARGETED_DEVICE_FAMILY = "1,2";
			};
			name = Release;
		};
/* End XCBuildConfiguration section */

/* Begin XCConfigurationList section */
		8EDA213C25CD060500194772 /* Build configuration list for PBXProject "StockViewer" */ = {
			isa = XCConfigurationList;
			buildConfigurations = (
				8EDA214E25CD060600194772 /* Debug */,
				8EDA214F25CD060600194772 /* Release */,
			);
			defaultConfigurationIsVisible = 0;
			defaultConfigurationName = Release;
		};
		8EDA215025CD060600194772 /* Build configuration list for PBXNativeTarget "StockViewer" */ = {
			isa = XCConfigurationList;
			buildConfigurations = (
				8EDA215125CD060600194772 /* Debug */,
				8EDA215225CD060600194772 /* Release */,
			);
			defaultConfigurationIsVisible = 0;
			defaultConfigurationName = Release;
		};
/* End XCConfigurationList section */
	};
	rootObject = 8EDA213925CD060500194772 /* Project object */;
}
